
Microsoft Visual Studio Solution File, Format Version 12.00
# Visual Studio 15
VisualStudioVersion = 15.0.28307.168
MinimumVisualStudioVersion = 10.0.40219.1
Project("{FAE04EC0-301F-11D3-BF4B-00C04F79EFBC}") = "NewHeists", "NewHeists\NewHeists.csproj", "{CA7FEE14-0AF1-4B47-A284-DFAC221BA550}"
EndProject
Global
	GlobalSection(SolutionConfigurationPlatforms) = preSolution
		Debug|Any CPU = Debug|Any CPU
		Release|Any CPU = Release|Any CPU
	EndGlobalSection
	GlobalSection(ProjectConfigurationPlatforms) = postSolution
		{CA7FEE14-0AF1-4B47-A284-DFAC221BA550}.Debug|Any CPU.ActiveCfg = Debug|Any CPU
		{CA7FEE14-0AF1-4B47-A284-DFAC221BA550}.Debug|Any CPU.Build.0 = Debug|Any CPU
		{CA7FEE14-0AF1-4B47-A284-DFAC221BA550}.Release|Any CPU.ActiveCfg = Release|Any CPU
		{CA7FEE14-0AF1-4B47-A284-DFAC221BA550}.Release|Any CPU.Build.0 = Release|Any CPU
	EndGlobalSection
	GlobalSection(SolutionProperties) = preSolution
		HideSolutionNode = FALSE
	EndGlobalSection
	GlobalSection(ExtensibilityGlobals) = postSolution
		SolutionGuid = {F5B9633E-7E7C-42E9-9D4C-ADACB2D0B295}
	EndGlobalSection
EndGlobal
